
Microsoft Visual Studio Solution File, Format Version 12.00
# Visual Studio Version 17
VisualStudioVersion = 17.0.32002.185
MinimumVisualStudioVersion = 10.0.40219.1
Project("{9A19103F-16F7-4668-BE54-9A1E7A4F7556}") = "hunglamhoa", "Assigment\hunglamhoa.csproj", "{CCB0FCD3-0BF0-47C3-9EF2-C026B5C0DB3A}"
EndProject
Global
	GlobalSection(SolutionConfigurationPlatforms) = preSolution
		Debug|Any CPU = Debug|Any CPU
		Release|Any CPU = Release|Any CPU
	EndGlobalSection
	GlobalSection(ProjectConfigurationPlatforms) = postSolution
		{CCB0FCD3-0BF0-47C3-9EF2-C026B5C0DB3A}.Debug|Any CPU.ActiveCfg = Debug|Any CPU
		{CCB0FCD3-0BF0-47C3-9EF2-C026B5C0DB3A}.Debug|Any CPU.Build.0 = Debug|Any CPU
		{CCB0FCD3-0BF0-47C3-9EF2-C026B5C0DB3A}.Release|Any CPU.ActiveCfg = Release|Any CPU
		{CCB0FCD3-0BF0-47C3-9EF2-C026B5C0DB3A}.Release|Any CPU.Build.0 = Release|Any CPU
	EndGlobalSection
	GlobalSection(SolutionProperties) = preSolution
		HideSolutionNode = FALSE
	EndGlobalSection
	GlobalSection(ExtensibilityGlobals) = postSolution
		SolutionGuid = {58EBFC13-27ED-409D-9425-28B838838030}
	EndGlobalSection
EndGlobal
